
Microsoft Visual Studio Solution File, Format Version 12.00
# Visual Studio Version 17
VisualStudioVersion = 17.5.33627.172
MinimumVisualStudioVersion = 10.0.40219.1
Project("{8BC9CEB8-8B4A-11D0-8D11-00A0C91BC942}") = "csv2html", "csv2html\csv2html.vcxproj", "{D171E711-DE79-4485-8AEE-CC797BF6F5BB}"
EndProject
Global
	GlobalSection(SolutionConfigurationPlatforms) = preSolution
		Debug|x64 = Debug|x64
		Debug|x86 = Debug|x86
		Release|x64 = Release|x64
		Release|x86 = Release|x86
	EndGlobalSection
	GlobalSection(ProjectConfigurationPlatforms) = postSolution
		{D171E711-DE79-4485-8AEE-CC797BF6F5BB}.Debug|x64.ActiveCfg = Debug|x64
		{D171E711-DE79-4485-8AEE-CC797BF6F5BB}.Debug|x64.Build.0 = Debug|x64
		{D171E711-DE79-4485-8AEE-CC797BF6F5BB}.Debug|x86.ActiveCfg = Debug|Win32
		{D171E711-DE79-4485-8AEE-CC797BF6F5BB}.Debug|x86.Build.0 = Debug|Win32
		{D171E711-DE79-4485-8AEE-CC797BF6F5BB}.Release|x64.ActiveCfg = Release|x64
		{D171E711-DE79-4485-8AEE-CC797BF6F5BB}.Release|x64.Build.0 = Release|x64
		{D171E711-DE79-4485-8AEE-CC797BF6F5BB}.Release|x86.ActiveCfg = Release|Win32
		{D171E711-DE79-4485-8AEE-CC797BF6F5BB}.Release|x86.Build.0 = Release|Win32
	EndGlobalSection
	GlobalSection(SolutionProperties) = preSolution
		HideSolutionNode = FALSE
	EndGlobalSection
	GlobalSection(ExtensibilityGlobals) = postSolution
		SolutionGuid = {C687AB3B-17A9-4F72-9CE4-EB0F7AB27587}
	EndGlobalSection
EndGlobal
